
Microsoft Visual Studio Solution File, Format Version 12.00
# Visual Studio Version 16
VisualStudioVersion = 16.0.31313.79
MinimumVisualStudioVersion = 10.0.40219.1
Project("{FAE04EC0-301F-11D3-BF4B-00C04F79EFBC}") = "PoolDays", "PoolDays\PoolDays.csproj", "{19532C85-C518-4489-8E85-5784AF422665}"
EndProject
Global
	GlobalSection(SolutionConfigurationPlatforms) = preSolution
		Debug|Any CPU = Debug|Any CPU
		Release|Any CPU = Release|Any CPU
	EndGlobalSection
	GlobalSection(ProjectConfigurationPlatforms) = postSolution
		{19532C85-C518-4489-8E85-5784AF422665}.Debug|Any CPU.ActiveCfg = Debug|Any CPU
		{19532C85-C518-4489-8E85-5784AF422665}.Debug|Any CPU.Build.0 = Debug|Any CPU
		{19532C85-C518-4489-8E85-5784AF422665}.Release|Any CPU.ActiveCfg = Release|Any CPU
		{19532C85-C518-4489-8E85-5784AF422665}.Release|Any CPU.Build.0 = Release|Any CPU
	EndGlobalSection
	GlobalSection(SolutionProperties) = preSolution
		HideSolutionNode = FALSE
	EndGlobalSection
	GlobalSection(ExtensibilityGlobals) = postSolution
		SolutionGuid = {4318C47D-D3DD-476B-AFF6-3A622B02EC64}
	EndGlobalSection
EndGlobal
